
Microsoft Visual Studio Solution File, Format Version 12.00
# Visual Studio Version 17
VisualStudioVersion = 17.8.34525.116
MinimumVisualStudioVersion = 10.0.40219.1
Project("{FAE04EC0-301F-11D3-BF4B-00C04F79EFBC}") = "WpfApp12", "WpfApp12\WpfApp12.csproj", "{47E9E14A-380A-4B2A-BED1-B014CCD84F4E}"
EndProject
Global
	GlobalSection(SolutionConfigurationPlatforms) = preSolution
		Debug|Any CPU = Debug|Any CPU
		Release|Any CPU = Release|Any CPU
	EndGlobalSection
	GlobalSection(ProjectConfigurationPlatforms) = postSolution
		{47E9E14A-380A-4B2A-BED1-B014CCD84F4E}.Debug|Any CPU.ActiveCfg = Debug|Any CPU
		{47E9E14A-380A-4B2A-BED1-B014CCD84F4E}.Debug|Any CPU.Build.0 = Debug|Any CPU
		{47E9E14A-380A-4B2A-BED1-B014CCD84F4E}.Release|Any CPU.ActiveCfg = Release|Any CPU
		{47E9E14A-380A-4B2A-BED1-B014CCD84F4E}.Release|Any CPU.Build.0 = Release|Any CPU
	EndGlobalSection
	GlobalSection(SolutionProperties) = preSolution
		HideSolutionNode = FALSE
	EndGlobalSection
	GlobalSection(ExtensibilityGlobals) = postSolution
		SolutionGuid = {1A31C288-6F14-4D84-B72C-AE4DD7FB4585}
	EndGlobalSection
EndGlobal
